
Microsoft Visual Studio Solution File, Format Version 12.00
# Visual Studio Version 16
VisualStudioVersion = 16.0.30611.23
MinimumVisualStudioVersion = 10.0.40219.1
Project("{FAE04EC0-301F-11D3-BF4B-00C04F79EFBC}") = "reg", "reg\reg.csproj", "{FEF0B846-3822-4F4C-839F-FFAA418FCC5E}"
EndProject
Global
	GlobalSection(SolutionConfigurationPlatforms) = preSolution
		Debug|Any CPU = Debug|Any CPU
		Release|Any CPU = Release|Any CPU
	EndGlobalSection
	GlobalSection(ProjectConfigurationPlatforms) = postSolution
		{FEF0B846-3822-4F4C-839F-FFAA418FCC5E}.Debug|Any CPU.ActiveCfg = Debug|Any CPU
		{FEF0B846-3822-4F4C-839F-FFAA418FCC5E}.Debug|Any CPU.Build.0 = Debug|Any CPU
		{FEF0B846-3822-4F4C-839F-FFAA418FCC5E}.Release|Any CPU.ActiveCfg = Release|Any CPU
		{FEF0B846-3822-4F4C-839F-FFAA418FCC5E}.Release|Any CPU.Build.0 = Release|Any CPU
	EndGlobalSection
	GlobalSection(SolutionProperties) = preSolution
		HideSolutionNode = FALSE
	EndGlobalSection
	GlobalSection(ExtensibilityGlobals) = postSolution
		SolutionGuid = {DF7AD512-6C43-455A-ACF6-ECEB2D7BD132}
	EndGlobalSection
EndGlobal
